
Microsoft Visual Studio Solution File, Format Version 12.00
# Visual Studio Version 16
VisualStudioVersion = 16.0.32126.315
MinimumVisualStudioVersion = 10.0.40219.1
Project("{FAE04EC0-301F-11D3-BF4B-00C04F79EFBC}") = "HomeworkFromClass03", "HomeworkFromClass03\HomeworkFromClass03.csproj", "{D423A1D5-8826-4CD8-8BC3-78DC733645D8}"
EndProject
Project("{FAE04EC0-301F-11D3-BF4B-00C04F79EFBC}") = "HomeWorkExercise6FromClass03", "HomeWorkExercise6FromClass03\HomeWorkExercise6FromClass03.csproj", "{50433722-F748-4D4D-8E4B-D53BBD66EA13}"
EndProject
Global
	GlobalSection(SolutionConfigurationPlatforms) = preSolution
		Debug|Any CPU = Debug|Any CPU
		Release|Any CPU = Release|Any CPU
	EndGlobalSection
	GlobalSection(ProjectConfigurationPlatforms) = postSolution
		{D423A1D5-8826-4CD8-8BC3-78DC733645D8}.Debug|Any CPU.ActiveCfg = Debug|Any CPU
		{D423A1D5-8826-4CD8-8BC3-78DC733645D8}.Debug|Any CPU.Build.0 = Debug|Any CPU
		{D423A1D5-8826-4CD8-8BC3-78DC733645D8}.Release|Any CPU.ActiveCfg = Release|Any CPU
		{D423A1D5-8826-4CD8-8BC3-78DC733645D8}.Release|Any CPU.Build.0 = Release|Any CPU
		{50433722-F748-4D4D-8E4B-D53BBD66EA13}.Debug|Any CPU.ActiveCfg = Debug|Any CPU
		{50433722-F748-4D4D-8E4B-D53BBD66EA13}.Debug|Any CPU.Build.0 = Debug|Any CPU
		{50433722-F748-4D4D-8E4B-D53BBD66EA13}.Release|Any CPU.ActiveCfg = Release|Any CPU
		{50433722-F748-4D4D-8E4B-D53BBD66EA13}.Release|Any CPU.Build.0 = Release|Any CPU
	EndGlobalSection
	GlobalSection(SolutionProperties) = preSolution
		HideSolutionNode = FALSE
	EndGlobalSection
	GlobalSection(ExtensibilityGlobals) = postSolution
		SolutionGuid = {7DABEAA6-6618-46C8-9CC6-50FECA0F9ED1}
	EndGlobalSection
EndGlobal
